
Microsoft Visual Studio Solution File, Format Version 12.00
# Visual Studio Version 16
VisualStudioVersion = 16.0.31624.102
MinimumVisualStudioVersion = 10.0.40219.1
Project("{FAE04EC0-301F-11D3-BF4B-00C04F79EFBC}") = "PortfolioForm", "PortfolioForm\PortfolioForm.csproj", "{F599316D-C65C-4727-BE30-EE94348CAB13}"
EndProject
Global
	GlobalSection(SolutionConfigurationPlatforms) = preSolution
		Debug|Any CPU = Debug|Any CPU
		Release|Any CPU = Release|Any CPU
	EndGlobalSection
	GlobalSection(ProjectConfigurationPlatforms) = postSolution
		{F599316D-C65C-4727-BE30-EE94348CAB13}.Debug|Any CPU.ActiveCfg = Debug|Any CPU
		{F599316D-C65C-4727-BE30-EE94348CAB13}.Debug|Any CPU.Build.0 = Debug|Any CPU
		{F599316D-C65C-4727-BE30-EE94348CAB13}.Release|Any CPU.ActiveCfg = Release|Any CPU
		{F599316D-C65C-4727-BE30-EE94348CAB13}.Release|Any CPU.Build.0 = Release|Any CPU
	EndGlobalSection
	GlobalSection(SolutionProperties) = preSolution
		HideSolutionNode = FALSE
	EndGlobalSection
	GlobalSection(ExtensibilityGlobals) = postSolution
		SolutionGuid = {24B74339-EF7D-4655-BD7F-8DD7C05AA7CA}
	EndGlobalSection
EndGlobal
